{
  "name": "cre-web-routing",
  "version": "0.0.1",
  "lockfileVersion": 1,
  "requires": true,
  "dependencies": {
    "@types/navigo": {
      "version": "7.0.0",
      "resolved": "https://registry.npmjs.org/@types/navigo/-/navigo-7.0.0.tgz",
      "integrity": "sha512-oEgNXMYWnjZwKpk0y9YOCuA/4BheExqNGfbTPYgW3wTps/pWWqjz6paOJ2zQ0Q2GMDDTTPPX/IcfgXTb78POZQ==",
      "dev": true
    }
  }
}
